
Microsoft Visual Studio Solution File, Format Version 12.00
# Visual Studio 2017
Project("{FAE04EC0-301F-11D3-BF4B-00C04F79EFBC}") = "UpdateTest", "UpdateTest.csproj", "{4E9070DD-6C62-C05F-9FB9-DEE0CB25EAB8}"
EndProject
Project("{FAE04EC0-301F-11D3-BF4B-00C04F79EFBC}") = "UpdateTest.Editor", "UpdateTest.Editor.csproj", "{2F013F74-1367-5617-4F62-DFC6A2161DB4}"
EndProject
Global
	GlobalSection(SolutionConfigurationPlatforms) = preSolution
		Debug|Any CPU = Debug|Any CPU
		Release|Any CPU = Release|Any CPU
	EndGlobalSection
	GlobalSection(ProjectConfigurationPlatforms) = postSolution
		{4E9070DD-6C62-C05F-9FB9-DEE0CB25EAB8}.Debug|Any CPU.ActiveCfg = Debug|Any CPU
		{4E9070DD-6C62-C05F-9FB9-DEE0CB25EAB8}.Debug|Any CPU.Build.0 = Debug|Any CPU
		{4E9070DD-6C62-C05F-9FB9-DEE0CB25EAB8}.Release|Any CPU.ActiveCfg = Release|Any CPU
		{4E9070DD-6C62-C05F-9FB9-DEE0CB25EAB8}.Release|Any CPU.Build.0 = Release|Any CPU
		{2F013F74-1367-5617-4F62-DFC6A2161DB4}.Debug|Any CPU.ActiveCfg = Debug|Any CPU
		{2F013F74-1367-5617-4F62-DFC6A2161DB4}.Debug|Any CPU.Build.0 = Debug|Any CPU
		{2F013F74-1367-5617-4F62-DFC6A2161DB4}.Release|Any CPU.ActiveCfg = Release|Any CPU
		{2F013F74-1367-5617-4F62-DFC6A2161DB4}.Release|Any CPU.Build.0 = Release|Any CPU
	EndGlobalSection
	GlobalSection(SolutionProperties) = preSolution
		HideSolutionNode = FALSE
	EndGlobalSection
EndGlobal
